
Microsoft Visual Studio Solution File, Format Version 12.00
# Visual Studio Version 16
VisualStudioVersion = 16.0.32510.428
MinimumVisualStudioVersion = 10.0.40219.1
Project("{FAE04EC0-301F-11D3-BF4B-00C04F79EFBC}") = "calc", "calc\calc.csproj", "{953F94CC-976F-49CA-A7E5-836C8C6BF236}"
EndProject
Global
	GlobalSection(SolutionConfigurationPlatforms) = preSolution
		Debug|Any CPU = Debug|Any CPU
		Release|Any CPU = Release|Any CPU
	EndGlobalSection
	GlobalSection(ProjectConfigurationPlatforms) = postSolution
		{953F94CC-976F-49CA-A7E5-836C8C6BF236}.Debug|Any CPU.ActiveCfg = Debug|Any CPU
		{953F94CC-976F-49CA-A7E5-836C8C6BF236}.Debug|Any CPU.Build.0 = Debug|Any CPU
		{953F94CC-976F-49CA-A7E5-836C8C6BF236}.Release|Any CPU.ActiveCfg = Release|Any CPU
		{953F94CC-976F-49CA-A7E5-836C8C6BF236}.Release|Any CPU.Build.0 = Release|Any CPU
	EndGlobalSection
	GlobalSection(SolutionProperties) = preSolution
		HideSolutionNode = FALSE
	EndGlobalSection
	GlobalSection(ExtensibilityGlobals) = postSolution
		SolutionGuid = {B490CD84-DFFF-4CE4-82EC-64BE0C78A9ED}
	EndGlobalSection
EndGlobal
