
Microsoft Visual Studio Solution File, Format Version 12.00
# Visual Studio Version 16
VisualStudioVersion = 16.0.32510.428
MinimumVisualStudioVersion = 10.0.40219.1
Project("{FAE04EC0-301F-11D3-BF4B-00C04F79EFBC}") = "new wpf", "new wpf\new wpf.csproj", "{64C13045-6F44-4B81-957C-E93928014022}"
EndProject
Global
	GlobalSection(SolutionConfigurationPlatforms) = preSolution
		Debug|Any CPU = Debug|Any CPU
		Release|Any CPU = Release|Any CPU
	EndGlobalSection
	GlobalSection(ProjectConfigurationPlatforms) = postSolution
		{64C13045-6F44-4B81-957C-E93928014022}.Debug|Any CPU.ActiveCfg = Debug|Any CPU
		{64C13045-6F44-4B81-957C-E93928014022}.Debug|Any CPU.Build.0 = Debug|Any CPU
		{64C13045-6F44-4B81-957C-E93928014022}.Release|Any CPU.ActiveCfg = Release|Any CPU
		{64C13045-6F44-4B81-957C-E93928014022}.Release|Any CPU.Build.0 = Release|Any CPU
	EndGlobalSection
	GlobalSection(SolutionProperties) = preSolution
		HideSolutionNode = FALSE
	EndGlobalSection
	GlobalSection(ExtensibilityGlobals) = postSolution
		SolutionGuid = {D95540A1-8D01-42BC-8661-A4D2BC3E1B78}
	EndGlobalSection
EndGlobal
