
Microsoft Visual Studio Solution File, Format Version 12.00
# Visual Studio Version 16
VisualStudioVersion = 16.0.32510.428
MinimumVisualStudioVersion = 10.0.40219.1
Project("{FAE04EC0-301F-11D3-BF4B-00C04F79EFBC}") = "UIControlsDemo", "UIControlsDemo\UIControlsDemo.csproj", "{B318DB72-67FA-4CA1-ACED-10ACC7F76110}"
EndProject
Global
	GlobalSection(SolutionConfigurationPlatforms) = preSolution
		Debug|Any CPU = Debug|Any CPU
		Release|Any CPU = Release|Any CPU
	EndGlobalSection
	GlobalSection(ProjectConfigurationPlatforms) = postSolution
		{B318DB72-67FA-4CA1-ACED-10ACC7F76110}.Debug|Any CPU.ActiveCfg = Debug|Any CPU
		{B318DB72-67FA-4CA1-ACED-10ACC7F76110}.Debug|Any CPU.Build.0 = Debug|Any CPU
		{B318DB72-67FA-4CA1-ACED-10ACC7F76110}.Release|Any CPU.ActiveCfg = Release|Any CPU
		{B318DB72-67FA-4CA1-ACED-10ACC7F76110}.Release|Any CPU.Build.0 = Release|Any CPU
	EndGlobalSection
	GlobalSection(SolutionProperties) = preSolution
		HideSolutionNode = FALSE
	EndGlobalSection
	GlobalSection(ExtensibilityGlobals) = postSolution
		SolutionGuid = {10977796-76CD-48A6-83F3-BB28F18E237D}
	EndGlobalSection
EndGlobal
