
Microsoft Visual Studio Solution File, Format Version 12.00
# Visual Studio Version 16
VisualStudioVersion = 16.0.32510.428
MinimumVisualStudioVersion = 10.0.40219.1
Project("{FAE04EC0-301F-11D3-BF4B-00C04F79EFBC}") = "WpfApp5-i", "WpfApp5-i\WpfApp5-i.csproj", "{CC9B73F1-28C3-48EF-B7A2-64F2F66F92B4}"
EndProject
Global
	GlobalSection(SolutionConfigurationPlatforms) = preSolution
		Debug|Any CPU = Debug|Any CPU
		Release|Any CPU = Release|Any CPU
	EndGlobalSection
	GlobalSection(ProjectConfigurationPlatforms) = postSolution
		{CC9B73F1-28C3-48EF-B7A2-64F2F66F92B4}.Debug|Any CPU.ActiveCfg = Debug|Any CPU
		{CC9B73F1-28C3-48EF-B7A2-64F2F66F92B4}.Debug|Any CPU.Build.0 = Debug|Any CPU
		{CC9B73F1-28C3-48EF-B7A2-64F2F66F92B4}.Release|Any CPU.ActiveCfg = Release|Any CPU
		{CC9B73F1-28C3-48EF-B7A2-64F2F66F92B4}.Release|Any CPU.Build.0 = Release|Any CPU
	EndGlobalSection
	GlobalSection(SolutionProperties) = preSolution
		HideSolutionNode = FALSE
	EndGlobalSection
	GlobalSection(ExtensibilityGlobals) = postSolution
		SolutionGuid = {41146503-0085-4219-BDB3-8BBADE72E3DB}
	EndGlobalSection
EndGlobal
