
Microsoft Visual Studio Solution File, Format Version 12.00
# Visual Studio Version 16
VisualStudioVersion = 16.0.32510.428
MinimumVisualStudioVersion = 10.0.40219.1
Project("{FAE04EC0-301F-11D3-BF4B-00C04F79EFBC}") = "Registration", "Registration\Registration.csproj", "{B949810D-34A5-45B9-9792-F1BE30D4A4AC}"
EndProject
Global
	GlobalSection(SolutionConfigurationPlatforms) = preSolution
		Debug|Any CPU = Debug|Any CPU
		Release|Any CPU = Release|Any CPU
	EndGlobalSection
	GlobalSection(ProjectConfigurationPlatforms) = postSolution
		{B949810D-34A5-45B9-9792-F1BE30D4A4AC}.Debug|Any CPU.ActiveCfg = Debug|Any CPU
		{B949810D-34A5-45B9-9792-F1BE30D4A4AC}.Debug|Any CPU.Build.0 = Debug|Any CPU
		{B949810D-34A5-45B9-9792-F1BE30D4A4AC}.Release|Any CPU.ActiveCfg = Release|Any CPU
		{B949810D-34A5-45B9-9792-F1BE30D4A4AC}.Release|Any CPU.Build.0 = Release|Any CPU
	EndGlobalSection
	GlobalSection(SolutionProperties) = preSolution
		HideSolutionNode = FALSE
	EndGlobalSection
	GlobalSection(ExtensibilityGlobals) = postSolution
		SolutionGuid = {856990F0-8613-4D06-B6BA-9B43330995D6}
	EndGlobalSection
EndGlobal
