
Microsoft Visual Studio Solution File, Format Version 12.00
# Visual Studio Version 16
VisualStudioVersion = 16.0.32510.428
MinimumVisualStudioVersion = 10.0.40219.1
Project("{FAE04EC0-301F-11D3-BF4B-00C04F79EFBC}") = "WpfApp4(i)", "WpfApp4(i)\WpfApp4(i).csproj", "{B1CF8E74-FA5B-4421-B57E-42D978CA071F}"
EndProject
Global
	GlobalSection(SolutionConfigurationPlatforms) = preSolution
		Debug|Any CPU = Debug|Any CPU
		Release|Any CPU = Release|Any CPU
	EndGlobalSection
	GlobalSection(ProjectConfigurationPlatforms) = postSolution
		{B1CF8E74-FA5B-4421-B57E-42D978CA071F}.Debug|Any CPU.ActiveCfg = Debug|Any CPU
		{B1CF8E74-FA5B-4421-B57E-42D978CA071F}.Debug|Any CPU.Build.0 = Debug|Any CPU
		{B1CF8E74-FA5B-4421-B57E-42D978CA071F}.Release|Any CPU.ActiveCfg = Release|Any CPU
		{B1CF8E74-FA5B-4421-B57E-42D978CA071F}.Release|Any CPU.Build.0 = Release|Any CPU
	EndGlobalSection
	GlobalSection(SolutionProperties) = preSolution
		HideSolutionNode = FALSE
	EndGlobalSection
	GlobalSection(ExtensibilityGlobals) = postSolution
		SolutionGuid = {FB1CD225-9FDD-4B96-8C4F-B4C89A072AB8}
	EndGlobalSection
EndGlobal
