
Microsoft Visual Studio Solution File, Format Version 12.00
# Visual Studio Version 16
VisualStudioVersion = 16.0.32510.428
MinimumVisualStudioVersion = 10.0.40219.1
Project("{FAE04EC0-301F-11D3-BF4B-00C04F79EFBC}") = "CRUDDataGridWPF", "CRUDDataGridWPF\CRUDDataGridWPF.csproj", "{02718F49-F0F3-4427-BD74-C9899CAC1D92}"
EndProject
Global
	GlobalSection(SolutionConfigurationPlatforms) = preSolution
		Debug|Any CPU = Debug|Any CPU
		Release|Any CPU = Release|Any CPU
	EndGlobalSection
	GlobalSection(ProjectConfigurationPlatforms) = postSolution
		{02718F49-F0F3-4427-BD74-C9899CAC1D92}.Debug|Any CPU.ActiveCfg = Debug|Any CPU
		{02718F49-F0F3-4427-BD74-C9899CAC1D92}.Debug|Any CPU.Build.0 = Debug|Any CPU
		{02718F49-F0F3-4427-BD74-C9899CAC1D92}.Release|Any CPU.ActiveCfg = Release|Any CPU
		{02718F49-F0F3-4427-BD74-C9899CAC1D92}.Release|Any CPU.Build.0 = Release|Any CPU
	EndGlobalSection
	GlobalSection(SolutionProperties) = preSolution
		HideSolutionNode = FALSE
	EndGlobalSection
	GlobalSection(ExtensibilityGlobals) = postSolution
		SolutionGuid = {A5FF3C96-EDE2-4F36-92FD-63B736276699}
	EndGlobalSection
EndGlobal
